
Microsoft Visual Studio Solution File, Format Version 12.00
# Visual Studio Version 17
VisualStudioVersion = 17.6.33829.357
MinimumVisualStudioVersion = 10.0.40219.1
Project("{FAE04EC0-301F-11D3-BF4B-00C04F79EFBC}") = "WebAPI", "WebAPI\WebAPI.csproj", "{F7328C0E-7456-446A-AFF1-5A3344E953FC}"
EndProject
Project("{FAE04EC0-301F-11D3-BF4B-00C04F79EFBC}") = "Tests", "Tests\Tests.csproj", "{F72B7216-E563-4406-9080-4F5171059B29}"
EndProject
Project("{FAE04EC0-301F-11D3-BF4B-00C04F79EFBC}") = "Business", "Business\Business.csproj", "{3F541AF4-E2D6-4245-A93D-F595CB63B77A}"
EndProject
Project("{FAE04EC0-301F-11D3-BF4B-00C04F79EFBC}") = "DataAccess", "DataAccess\DataAccess.csproj", "{5FEDCAD9-525D-4F56-BB71-8C4504514039}"
EndProject
Project("{FAE04EC0-301F-11D3-BF4B-00C04F79EFBC}") = "Core", "Core\Core.csproj", "{8E0ECE66-4083-4240-A8B1-D34D57493B1B}"
EndProject
Project("{FAE04EC0-301F-11D3-BF4B-00C04F79EFBC}") = "Entities", "Entities\Entities.csproj", "{3FC20DFC-D1AB-4924-9AA6-651027017DD0}"
EndProject
Project("{FAE04EC0-301F-11D3-BF4B-00C04F79EFBC}") = "UIPreparation", "UIPreparation\UIPreparation.csproj", "{72C71DC3-2E01-4773-BB3D-2406E8912A23}"
EndProject
Global
	GlobalSection(SolutionConfigurationPlatforms) = preSolution
		Debug|Any CPU = Debug|Any CPU
		Release|Any CPU = Release|Any CPU
	EndGlobalSection
	GlobalSection(ProjectConfigurationPlatforms) = postSolution
		{F7328C0E-7456-446A-AFF1-5A3344E953FC}.Debug|Any CPU.ActiveCfg = Debug|Any CPU
		{F7328C0E-7456-446A-AFF1-5A3344E953FC}.Debug|Any CPU.Build.0 = Debug|Any CPU
		{F7328C0E-7456-446A-AFF1-5A3344E953FC}.Release|Any CPU.ActiveCfg = Release|Any CPU
		{F7328C0E-7456-446A-AFF1-5A3344E953FC}.Release|Any CPU.Build.0 = Release|Any CPU
		{F72B7216-E563-4406-9080-4F5171059B29}.Debug|Any CPU.ActiveCfg = Debug|Any CPU
		{F72B7216-E563-4406-9080-4F5171059B29}.Debug|Any CPU.Build.0 = Debug|Any CPU
		{F72B7216-E563-4406-9080-4F5171059B29}.Release|Any CPU.ActiveCfg = Release|Any CPU
		{F72B7216-E563-4406-9080-4F5171059B29}.Release|Any CPU.Build.0 = Release|Any CPU
		{3F541AF4-E2D6-4245-A93D-F595CB63B77A}.Debug|Any CPU.ActiveCfg = Debug|Any CPU
		{3F541AF4-E2D6-4245-A93D-F595CB63B77A}.Debug|Any CPU.Build.0 = Debug|Any CPU
		{3F541AF4-E2D6-4245-A93D-F595CB63B77A}.Release|Any CPU.ActiveCfg = Release|Any CPU
		{3F541AF4-E2D6-4245-A93D-F595CB63B77A}.Release|Any CPU.Build.0 = Release|Any CPU
		{5FEDCAD9-525D-4F56-BB71-8C4504514039}.Debug|Any CPU.ActiveCfg = Debug|Any CPU
		{5FEDCAD9-525D-4F56-BB71-8C4504514039}.Debug|Any CPU.Build.0 = Debug|Any CPU
		{5FEDCAD9-525D-4F56-BB71-8C4504514039}.Release|Any CPU.ActiveCfg = Release|Any CPU
		{5FEDCAD9-525D-4F56-BB71-8C4504514039}.Release|Any CPU.Build.0 = Release|Any CPU
		{8E0ECE66-4083-4240-A8B1-D34D57493B1B}.Debug|Any CPU.ActiveCfg = Debug|Any CPU
		{8E0ECE66-4083-4240-A8B1-D34D57493B1B}.Debug|Any CPU.Build.0 = Debug|Any CPU
		{8E0ECE66-4083-4240-A8B1-D34D57493B1B}.Release|Any CPU.ActiveCfg = Release|Any CPU
		{8E0ECE66-4083-4240-A8B1-D34D57493B1B}.Release|Any CPU.Build.0 = Release|Any CPU
		{3FC20DFC-D1AB-4924-9AA6-651027017DD0}.Debug|Any CPU.ActiveCfg = Debug|Any CPU
		{3FC20DFC-D1AB-4924-9AA6-651027017DD0}.Debug|Any CPU.Build.0 = Debug|Any CPU
		{3FC20DFC-D1AB-4924-9AA6-651027017DD0}.Release|Any CPU.ActiveCfg = Release|Any CPU
		{3FC20DFC-D1AB-4924-9AA6-651027017DD0}.Release|Any CPU.Build.0 = Release|Any CPU
		{72C71DC3-2E01-4773-BB3D-2406E8912A23}.Debug|Any CPU.ActiveCfg = Debug|Any CPU
		{72C71DC3-2E01-4773-BB3D-2406E8912A23}.Debug|Any CPU.Build.0 = Debug|Any CPU
		{72C71DC3-2E01-4773-BB3D-2406E8912A23}.Release|Any CPU.ActiveCfg = Release|Any CPU
		{72C71DC3-2E01-4773-BB3D-2406E8912A23}.Release|Any CPU.Build.0 = Release|Any CPU
	EndGlobalSection
	GlobalSection(SolutionProperties) = preSolution
		HideSolutionNode = FALSE
	EndGlobalSection
	GlobalSection(ExtensibilityGlobals) = postSolution
		SolutionGuid = {7C3FF816-750C-4D41-B16F-DB9B8B675F0E}
	EndGlobalSection
EndGlobal
